
Microsoft Visual Studio Solution File, Format Version 12.00
# Visual Studio Version 17
VisualStudioVersion = 17.2.32630.192
MinimumVisualStudioVersion = 10.0.40219.1
Project("{9A19103F-16F7-4668-BE54-9A1E7A4F7556}") = "BenefactServer", "BenefactServer.csproj", "{A3DB3F27-C476-4239-B4F7-751D4D25E317}"
EndProject
Global
	GlobalSection(SolutionConfigurationPlatforms) = preSolution
		Debug|Any CPU = Debug|Any CPU
		Release|Any CPU = Release|Any CPU
	EndGlobalSection
	GlobalSection(ProjectConfigurationPlatforms) = postSolution
		{A3DB3F27-C476-4239-B4F7-751D4D25E317}.Debug|Any CPU.ActiveCfg = Debug|Any CPU
		{A3DB3F27-C476-4239-B4F7-751D4D25E317}.Debug|Any CPU.Build.0 = Debug|Any CPU
		{A3DB3F27-C476-4239-B4F7-751D4D25E317}.Release|Any CPU.ActiveCfg = Release|Any CPU
		{A3DB3F27-C476-4239-B4F7-751D4D25E317}.Release|Any CPU.Build.0 = Release|Any CPU
	EndGlobalSection
	GlobalSection(SolutionProperties) = preSolution
		HideSolutionNode = FALSE
	EndGlobalSection
	GlobalSection(ExtensibilityGlobals) = postSolution
		SolutionGuid = {400D7E10-012C-4ED2-963D-E4F9089370D2}
	EndGlobalSection
EndGlobal
